// !$*UTF8*$!
{
	archiveVersion = 1;
	classes = {
	};
	objectVersion = 56;
	objects = {

/* Begin PBXBuildFile section */
		B10675782BB1708000434001 /* ModelData.swift in Sources */ = {isa = PBXBuildFile; fileRef = B10675772BB1708000434001 /* ModelData.swift */; };
		B1274A252BB43CD900ACCDAE /* Extensions.swift in Sources */ = {isa = PBXBuildFile; fileRef = B1274A242BB43CD900ACCDAE /* Extensions.swift */; };
		B153F22E2B9F2B5A00EF3B78 /* LoadingView.swift in Sources */ = {isa = PBXBuildFile; fileRef = B153F22D2B9F2B5A00EF3B78 /* LoadingView.swift */; };
		B153F2302BA0733800EF3B78 /* WeatherManager.swift in Sources */ = {isa = PBXBuildFile; fileRef = B153F22F2BA0733800EF3B78 /* WeatherManager.swift */; };
		B164D0DE2BBD2C9300D89D94 /* WeatherRow.swift in Sources */ = {isa = PBXBuildFile; fileRef = B164D0DD2BBD2C9300D89D94 /* WeatherRow.swift */; };
		B16786B62B92057000F9EFDE /* WeatherApp.swift in Sources */ = {isa = PBXBuildFile; fileRef = B16786B52B92057000F9EFDE /* WeatherApp.swift */; };
		B16786B82B92057000F9EFDE /* ContentView.swift in Sources */ = {isa = PBXBuildFile; fileRef = B16786B72B92057000F9EFDE /* ContentView.swift */; };
		B16786BA2B92057300F9EFDE /* Assets.xcassets in Resources */ = {isa = PBXBuildFile; fileRef = B16786B92B92057300F9EFDE /* Assets.xcassets */; };
		B16786BD2B92057300F9EFDE /* Preview Assets.xcassets in Resources */ = {isa = PBXBuildFile; fileRef = B16786BC2B92057300F9EFDE /* Preview Assets.xcassets */; };
		B16786C52B9205B700F9EFDE /* LocationManager.swift in Sources */ = {isa = PBXBuildFile; fileRef = B16786C42B9205B700F9EFDE /* LocationManager.swift */; };
		B17C55502BB2F10400E36007 /* weatherData in Resources */ = {isa = PBXBuildFile; fileRef = B17C554F2BB2F10400E36007 /* weatherData */; };
		B17C55532BB2F2D500E36007 /* WeatherView.swift in Sources */ = {isa = PBXBuildFile; fileRef = B17C55522BB2F2D500E36007 /* WeatherView.swift */; };
		B1DBDBC82B9723A200D653D2 /* WelcomeView.swift in Sources */ = {isa = PBXBuildFile; fileRef = B1DBDBC72B9723A200D653D2 /* WelcomeView.swift */; };
/* End PBXBuildFile section */

/* Begin PBXFileReference section */
		B10675772BB1708000434001 /* ModelData.swift */ = {isa = PBXFileReference; lastKnownFileType = sourcecode.swift; path = ModelData.swift; sourceTree = "<group>"; };
		B1274A242BB43CD900ACCDAE /* Extensions.swift */ = {isa = PBXFileReference; lastKnownFileType = sourcecode.swift; path = Extensions.swift; sourceTree = "<group>"; };
		B153F22D2B9F2B5A00EF3B78 /* LoadingView.swift */ = {isa = PBXFileReference; lastKnownFileType = sourcecode.swift; path = LoadingView.swift; sourceTree = "<group>"; };
		B153F22F2BA0733800EF3B78 /* WeatherManager.swift */ = {isa = PBXFileReference; lastKnownFileType = sourcecode.swift; path = WeatherManager.swift; sourceTree = "<group>"; };
		B164D0DD2BBD2C9300D89D94 /* WeatherRow.swift */ = {isa = PBXFileReference; lastKnownFileType = sourcecode.swift; path = WeatherRow.swift; sourceTree = "<group>"; };
		B16786B22B92057000F9EFDE /* Weather.app */ = {isa = PBXFileReference; explicitFileType = wrapper.application; includeInIndex = 0; path = Weather.app; sourceTree = BUILT_PRODUCTS_DIR; };
		B16786B52B92057000F9EFDE /* WeatherApp.swift */ = {isa = PBXFileReference; lastKnownFileType = sourcecode.swift; path = WeatherApp.swift; sourceTree = "<group>"; };
		B16786B72B92057000F9EFDE /* ContentView.swift */ = {isa = PBXFileReference; lastKnownFileType = sourcecode.swift; path = ContentView.swift; sourceTree = "<group>"; };
		B16786B92B92057300F9EFDE /* Assets.xcassets */ = {isa = PBXFileReference; lastKnownFileType = folder.assetcatalog; path = Assets.xcassets; sourceTree = "<group>"; };
		B16786BC2B92057300F9EFDE /* Preview Assets.xcassets */ = {isa = PBXFileReference; lastKnownFileType = folder.assetcatalog; path = "Preview Assets.xcassets"; sourceTree = "<group>"; };
		B16786C42B9205B700F9EFDE /* LocationManager.swift */ = {isa = PBXFileReference; lastKnownFileType = sourcecode.swift; path = LocationManager.swift; sourceTree = "<group>"; };
		B17C554F2BB2F10400E36007 /* weatherData */ = {isa = PBXFileReference; lastKnownFileType = text; path = weatherData; sourceTree = "<group>"; };
		B17C55512BB2F1BD00E36007 /* Directions.geojson */ = {isa = PBXFileReference; lastKnownFileType = text; path = Directions.geojson; sourceTree = "<group>"; };
		B17C55522BB2F2D500E36007 /* WeatherView.swift */ = {isa = PBXFileReference; lastKnownFileType = sourcecode.swift; path = WeatherView.swift; sourceTree = "<group>"; };
		B1DBDBC72B9723A200D653D2 /* WelcomeView.swift */ = {isa = PBXFileReference; lastKnownFileType = sourcecode.swift; path = WelcomeView.swift; sourceTree = "<group>"; };
/* End PBXFileReference section */

/* Begin PBXFrameworksBuildPhase section */
		B16786AF2B92057000F9EFDE /* Frameworks */ = {
			isa = PBXFrameworksBuildPhase;
			buildActionMask = 2147483647;
			files = (
			);
			runOnlyForDeploymentPostprocessing = 0;
		};
/* End PBXFrameworksBuildPhase section */

/* Begin PBXGroup section */
		B164D0DC2BBD2C6C00D89D94 /* Components */ = {
			isa = PBXGroup;
			children = (
				B164D0DD2BBD2C9300D89D94 /* WeatherRow.swift */,
			);
			path = Components;
			sourceTree = "<group>";
		};
		B16786A92B92057000F9EFDE = {
			isa = PBXGroup;
			children = (
				B16786B42B92057000F9EFDE /* Weather */,
				B16786B32B92057000F9EFDE /* Products */,
			);
			sourceTree = "<group>";
		};
		B16786B32B92057000F9EFDE /* Products */ = {
			isa = PBXGroup;
			children = (
				B16786B22B92057000F9EFDE /* Weather.app */,
			);
			name = Products;
			sourceTree = "<group>";
		};
		B16786B42B92057000F9EFDE /* Weather */ = {
			isa = PBXGroup;
			children = (
				B16786B52B92057000F9EFDE /* WeatherApp.swift */,
				B1DBDBC62B97238000D653D2 /* Views */,
				B164D0DC2BBD2C6C00D89D94 /* Components */,
				B16786C32B92058F00F9EFDE /* Managers */,
				B16786B92B92057300F9EFDE /* Assets.xcassets */,
				B16786BB2B92057300F9EFDE /* Preview Content */,
			);
			path = Weather;
			sourceTree = "<group>";
		};
		B16786BB2B92057300F9EFDE /* Preview Content */ = {
			isa = PBXGroup;
			children = (
				B16786BC2B92057300F9EFDE /* Preview Assets.xcassets */,
				B10675772BB1708000434001 /* ModelData.swift */,
				B17C55512BB2F1BD00E36007 /* Directions.geojson */,
				B17C554F2BB2F10400E36007 /* weatherData */,
			);
			path = "Preview Content";
			sourceTree = "<group>";
		};
		B16786C32B92058F00F9EFDE /* Managers */ = {
			isa = PBXGroup;
			children = (
				B16786C42B9205B700F9EFDE /* LocationManager.swift */,
				B153F22F2BA0733800EF3B78 /* WeatherManager.swift */,
				B1274A242BB43CD900ACCDAE /* Extensions.swift */,
			);
			path = Managers;
			sourceTree = "<group>";
		};
		B1DBDBC62B97238000D653D2 /* Views */ = {
			isa = PBXGroup;
			children = (
				B16786B72B92057000F9EFDE /* ContentView.swift */,
				B1DBDBC72B9723A200D653D2 /* WelcomeView.swift */,
				B153F22D2B9F2B5A00EF3B78 /* LoadingView.swift */,
				B17C55522BB2F2D500E36007 /* WeatherView.swift */,
			);
			path = Views;
			sourceTree = "<group>";
		};
/* End PBXGroup section */

/* Begin PBXNativeTarget section */
		B16786B12B92057000F9EFDE /* Weather */ = {
			isa = PBXNativeTarget;
			buildConfigurationList = B16786C02B92057300F9EFDE /* Build configuration list for PBXNativeTarget "Weather" */;
			buildPhases = (
				B16786AE2B92057000F9EFDE /* Sources */,
				B16786AF2B92057000F9EFDE /* Frameworks */,
				B16786B02B92057000F9EFDE /* Resources */,
			);
			buildRules = (
			);
			dependencies = (
			);
			name = Weather;
			productName = Weather;
			productReference = B16786B22B92057000F9EFDE /* Weather.app */;
			productType = "com.apple.product-type.application";
		};
/* End PBXNativeTarget section */

/* Begin PBXProject section */
		B16786AA2B92057000F9EFDE /* Project object */ = {
			isa = PBXProject;
			attributes = {
				BuildIndependentTargetsInParallel = 1;
				LastSwiftUpdateCheck = 1520;
				LastUpgradeCheck = 1520;
				TargetAttributes = {
					B16786B12B92057000F9EFDE = {
						CreatedOnToolsVersion = 15.2;
					};
				};
			};
			buildConfigurationList = B16786AD2B92057000F9EFDE /* Build configuration list for PBXProject "Weather" */;
			compatibilityVersion = "Xcode 14.0";
			developmentRegion = en;
			hasScannedForEncodings = 0;
			knownRegions = (
				en,
				Base,
			);
			mainGroup = B16786A92B92057000F9EFDE;
			productRefGroup = B16786B32B92057000F9EFDE /* Products */;
			projectDirPath = "";
			projectRoot = "";
			targets = (
				B16786B12B92057000F9EFDE /* Weather */,
			);
		};
/* End PBXProject section */

/* Begin PBXResourcesBuildPhase section */
		B16786B02B92057000F9EFDE /* Resources */ = {
			isa = PBXResourcesBuildPhase;
			buildActionMask = 2147483647;
			files = (
				B16786BD2B92057300F9EFDE /* Preview Assets.xcassets in Resources */,
				B17C55502BB2F10400E36007 /* weatherData in Resources */,
				B16786BA2B92057300F9EFDE /* Assets.xcassets in Resources */,
			);
			runOnlyForDeploymentPostprocessing = 0;
		};
/* End PBXResourcesBuildPhase section */

/* Begin PBXSourcesBuildPhase section */
		B16786AE2B92057000F9EFDE /* Sources */ = {
			isa = PBXSourcesBuildPhase;
			buildActionMask = 2147483647;
			files = (
				B153F2302BA0733800EF3B78 /* WeatherManager.swift in Sources */,
				B1274A252BB43CD900ACCDAE /* Extensions.swift in Sources */,
				B16786B82B92057000F9EFDE /* ContentView.swift in Sources */,
				B16786B62B92057000F9EFDE /* WeatherApp.swift in Sources */,
				B16786C52B9205B700F9EFDE /* LocationManager.swift in Sources */,
				B164D0DE2BBD2C9300D89D94 /* WeatherRow.swift in Sources */,
				B153F22E2B9F2B5A00EF3B78 /* LoadingView.swift in Sources */,
				B1DBDBC82B9723A200D653D2 /* WelcomeView.swift in Sources */,
				B10675782BB1708000434001 /* ModelData.swift in Sources */,
				B17C55532BB2F2D500E36007 /* WeatherView.swift in Sources */,
			);
			runOnlyForDeploymentPostprocessing = 0;
		};
/* End PBXSourcesBuildPhase section */

/* Begin XCBuildConfiguration section */
		B16786BE2B92057300F9EFDE /* Debug */ = {
			isa = XCBuildConfiguration;
			buildSettings = {
				ALWAYS_SEARCH_USER_PATHS = NO;
				ASSETCATALOG_COMPILER_GENERATE_SWIFT_ASSET_SYMBOL_EXTENSIONS = YES;
				CLANG_ANALYZER_NONNULL = YES;
				CLANG_ANALYZER_NUMBER_OBJECT_CONVERSION = YES_AGGRESSIVE;
				CLANG_CXX_LANGUAGE_STANDARD = "gnu++20";
				CLANG_ENABLE_MODULES = YES;
				CLANG_ENABLE_OBJC_ARC = YES;
				CLANG_ENABLE_OBJC_WEAK = YES;
				CLANG_WARN_BLOCK_CAPTURE_AUTORELEASING = YES;
				CLANG_WARN_BOOL_CONVERSION = YES;
				CLANG_WARN_COMMA = YES;
				CLANG_WARN_CONSTANT_CONVERSION = YES;
				CLANG_WARN_DEPRECATED_OBJC_IMPLEMENTATIONS = YES;
				CLANG_WARN_DIRECT_OBJC_ISA_USAGE = YES_ERROR;
				CLANG_WARN_DOCUMENTATION_COMMENTS = YES;
				CLANG_WARN_EMPTY_BODY = YES;
				CLANG_WARN_ENUM_CONVERSION = YES;
				CLANG_WARN_INFINITE_RECURSION = YES;
				CLANG_WARN_INT_CONVERSION = YES;
				CLANG_WARN_NON_LITERAL_NULL_CONVERSION = YES;
				CLANG_WARN_OBJC_IMPLICIT_RETAIN_SELF = YES;
				CLANG_WARN_OBJC_LITERAL_CONVERSION = YES;
				CLANG_WARN_OBJC_ROOT_CLASS = YES_ERROR;
				CLANG_WARN_QUOTED_INCLUDE_IN_FRAMEWORK_HEADER = YES;
				CLANG_WARN_RANGE_LOOP_ANALYSIS = YES;
				CLANG_WARN_STRICT_PROTOTYPES = YES;
				CLANG_WARN_SUSPICIOUS_MOVE = YES;
				CLANG_WARN_UNGUARDED_AVAILABILITY = YES_AGGRESSIVE;
				CLANG_WARN_UNREACHABLE_CODE = YES;
				CLANG_WARN__DUPLICATE_METHOD_MATCH = YES;
				COPY_PHASE_STRIP = NO;
				DEBUG_INFORMATION_FORMAT = dwarf;
				ENABLE_STRICT_OBJC_MSGSEND = YES;
				ENABLE_TESTABILITY = YES;
				ENABLE_USER_SCRIPT_SANDBOXING = YES;
				GCC_C_LANGUAGE_STANDARD = gnu17;
				GCC_DYNAMIC_NO_PIC = NO;
				GCC_NO_COMMON_BLOCKS = YES;
				GCC_OPTIMIZATION_LEVEL = 0;
				GCC_PREPROCESSOR_DEFINITIONS = (
					"DEBUG=1",
					"$(inherited)",
				);
				GCC_WARN_64_TO_32_BIT_CONVERSION = YES;
				GCC_WARN_ABOUT_RETURN_TYPE = YES_ERROR;
				GCC_WARN_UNDECLARED_SELECTOR = YES;
				GCC_WARN_UNINITIALIZED_AUTOS = YES_AGGRESSIVE;
				GCC_WARN_UNUSED_FUNCTION = YES;
				GCC_WARN_UNUSED_VARIABLE = YES;
				IPHONEOS_DEPLOYMENT_TARGET = 17.2;
				LOCALIZATION_PREFERS_STRING_CATALOGS = YES;
				MTL_ENABLE_DEBUG_INFO = INCLUDE_SOURCE;
				MTL_FAST_MATH = YES;
				ONLY_ACTIVE_ARCH = YES;
				SDKROOT = iphoneos;
				SWIFT_ACTIVE_COMPILATION_CONDITIONS = "DEBUG $(inherited)";
				SWIFT_OPTIMIZATION_LEVEL = "-Onone";
			};
			name = Debug;
		};
		B16786BF2B92057300F9EFDE /* Release */ = {
			isa = XCBuildConfiguration;
			buildSettings = {
				ALWAYS_SEARCH_USER_PATHS = NO;
				ASSETCATALOG_COMPILER_GENERATE_SWIFT_ASSET_SYMBOL_EXTENSIONS = YES;
				CLANG_ANALYZER_NONNULL = YES;
				CLANG_ANALYZER_NUMBER_OBJECT_CONVERSION = YES_AGGRESSIVE;
				CLANG_CXX_LANGUAGE_STANDARD = "gnu++20";
				CLANG_ENABLE_MODULES = YES;
				CLANG_ENABLE_OBJC_ARC = YES;
				CLANG_ENABLE_OBJC_WEAK = YES;
				CLANG_WARN_BLOCK_CAPTURE_AUTORELEASING = YES;
				CLANG_WARN_BOOL_CONVERSION = YES;
				CLANG_WARN_COMMA = YES;
				CLANG_WARN_CONSTANT_CONVERSION = YES;
				CLANG_WARN_DEPRECATED_OBJC_IMPLEMENTATIONS = YES;
				CLANG_WARN_DIRECT_OBJC_ISA_USAGE = YES_ERROR;
				CLANG_WARN_DOCUMENTATION_COMMENTS = YES;
				CLANG_WARN_EMPTY_BODY = YES;
				CLANG_WARN_ENUM_CONVERSION = YES;
				CLANG_WARN_INFINITE_RECURSION = YES;
				CLANG_WARN_INT_CONVERSION = YES;
				CLANG_WARN_NON_LITERAL_NULL_CONVERSION = YES;
				CLANG_WARN_OBJC_IMPLICIT_RETAIN_SELF = YES;
				CLANG_WARN_OBJC_LITERAL_CONVERSION = YES;
				CLANG_WARN_OBJC_ROOT_CLASS = YES_ERROR;
				CLANG_WARN_QUOTED_INCLUDE_IN_FRAMEWORK_HEADER = YES;
				CLANG_WARN_RANGE_LOOP_ANALYSIS = YES;
				CLANG_WARN_STRICT_PROTOTYPES = YES;
				CLANG_WARN_SUSPICIOUS_MOVE = YES;
				CLANG_WARN_UNGUARDED_AVAILABILITY = YES_AGGRESSIVE;
				CLANG_WARN_UNREACHABLE_CODE = YES;
				CLANG_WARN__DUPLICATE_METHOD_MATCH = YES;
				COPY_PHASE_STRIP = NO;
				DEBUG_INFORMATION_FORMAT = "dwarf-with-dsym";
				ENABLE_NS_ASSERTIONS = NO;
				ENABLE_STRICT_OBJC_MSGSEND = YES;
				ENABLE_USER_SCRIPT_SANDBOXING = YES;
				GCC_C_LANGUAGE_STANDARD = gnu17;
				GCC_NO_COMMON_BLOCKS = YES;
				GCC_WARN_64_TO_32_BIT_CONVERSION = YES;
				GCC_WARN_ABOUT_RETURN_TYPE = YES_ERROR;
				GCC_WARN_UNDECLARED_SELECTOR = YES;
				GCC_WARN_UNINITIALIZED_AUTOS = YES_AGGRESSIVE;
				GCC_WARN_UNUSED_FUNCTION = YES;
				GCC_WARN_UNUSED_VARIABLE = YES;
				IPHONEOS_DEPLOYMENT_TARGET = 17.2;
				LOCALIZATION_PREFERS_STRING_CATALOGS = YES;
				MTL_ENABLE_DEBUG_INFO = NO;
				MTL_FAST_MATH = YES;
				SDKROOT = iphoneos;
				SWIFT_COMPILATION_MODE = wholemodule;
				VALIDATE_PRODUCT = YES;
			};
			name = Release;
		};
		B16786C12B92057300F9EFDE /* Debug */ = {
			isa = XCBuildConfiguration;
			buildSettings = {
				ASSETCATALOG_COMPILER_APPICON_NAME = AppIcon;
				ASSETCATALOG_COMPILER_GLOBAL_ACCENT_COLOR_NAME = AccentColor;
				CODE_SIGN_STYLE = Automatic;
				CURRENT_PROJECT_VERSION = 1;
				DEVELOPMENT_ASSET_PATHS = "\"Weather/Preview Content\"";
				DEVELOPMENT_TEAM = PK8G5J5NY9;
				ENABLE_PREVIEWS = YES;
				GENERATE_INFOPLIST_FILE = YES;
				INFOPLIST_KEY_UIApplicationSceneManifest_Generation = YES;
				INFOPLIST_KEY_UIApplicationSupportsIndirectInputEvents = YES;
				INFOPLIST_KEY_UILaunchScreen_Generation = YES;
				INFOPLIST_KEY_UISupportedInterfaceOrientations_iPad = "UIInterfaceOrientationPortrait UIInterfaceOrientationPortraitUpsideDown UIInterfaceOrientationLandscapeLeft UIInterfaceOrientationLandscapeRight";
				INFOPLIST_KEY_UISupportedInterfaceOrientations_iPhone = "UIInterfaceOrientationPortrait UIInterfaceOrientationLandscapeLeft UIInterfaceOrientationLandscapeRight";
				LD_RUNPATH_SEARCH_PATHS = (
					"$(inherited)",
					"@executable_path/Frameworks",
				);
				MARKETING_VERSION = 1.0;
				PRODUCT_BUNDLE_IDENTIFIER = com.turguterenaksu.Weather;
				PRODUCT_NAME = "$(TARGET_NAME)";
				SWIFT_EMIT_LOC_STRINGS = YES;
				SWIFT_VERSION = 5.0;
				TARGETED_DEVICE_FAMILY = "1,2";
			};
			name = Debug;
		};
		B16786C22B92057300F9EFDE /* Release */ = {
			isa = XCBuildConfiguration;
			buildSettings = {
				ASSETCATALOG_COMPILER_APPICON_NAME = AppIcon;
				ASSETCATALOG_COMPILER_GLOBAL_ACCENT_COLOR_NAME = AccentColor;
				CODE_SIGN_STYLE = Automatic;
				CURRENT_PROJECT_VERSION = 1;
				DEVELOPMENT_ASSET_PATHS = "\"Weather/Preview Content\"";
				DEVELOPMENT_TEAM = PK8G5J5NY9;
				ENABLE_PREVIEWS = YES;
				GENERATE_INFOPLIST_FILE = YES;
				INFOPLIST_KEY_UIApplicationSceneManifest_Generation = YES;
				INFOPLIST_KEY_UIApplicationSupportsIndirectInputEvents = YES;
				INFOPLIST_KEY_UILaunchScreen_Generation = YES;
				INFOPLIST_KEY_UISupportedInterfaceOrientations_iPad = "UIInterfaceOrientationPortrait UIInterfaceOrientationPortraitUpsideDown UIInterfaceOrientationLandscapeLeft UIInterfaceOrientationLandscapeRight";
				INFOPLIST_KEY_UISupportedInterfaceOrientations_iPhone = "UIInterfaceOrientationPortrait UIInterfaceOrientationLandscapeLeft UIInterfaceOrientationLandscapeRight";
				LD_RUNPATH_SEARCH_PATHS = (
					"$(inherited)",
					"@executable_path/Frameworks",
				);
				MARKETING_VERSION = 1.0;
				PRODUCT_BUNDLE_IDENTIFIER = com.turguterenaksu.Weather;
				PRODUCT_NAME = "$(TARGET_NAME)";
				SWIFT_EMIT_LOC_STRINGS = YES;
				SWIFT_VERSION = 5.0;
				TARGETED_DEVICE_FAMILY = "1,2";
			};
			name = Release;
		};
/* End XCBuildConfiguration section */

/* Begin XCConfigurationList section */
		B16786AD2B92057000F9EFDE /* Build configuration list for PBXProject "Weather" */ = {
			isa = XCConfigurationList;
			buildConfigurations = (
				B16786BE2B92057300F9EFDE /* Debug */,
				B16786BF2B92057300F9EFDE /* Release */,
			);
			defaultConfigurationIsVisible = 0;
			defaultConfigurationName = Release;
		};
		B16786C02B92057300F9EFDE /* Build configuration list for PBXNativeTarget "Weather" */ = {
			isa = XCConfigurationList;
			buildConfigurations = (
				B16786C12B92057300F9EFDE /* Debug */,
				B16786C22B92057300F9EFDE /* Release */,
			);
			defaultConfigurationIsVisible = 0;
			defaultConfigurationName = Release;
		};
/* End XCConfigurationList section */
	};
	rootObject = B16786AA2B92057000F9EFDE /* Project object */;
}
